
Microsoft Visual Studio Solution File, Format Version 12.00
# Visual Studio 14
VisualStudioVersion = 14.0.25420.1
MinimumVisualStudioVersion = 10.0.40219.1
Project("{2150E333-8FDC-42A3-9474-1A3956D46DE8}") = "src", "src", "{90577290-B84B-4F91-ADB9-36FA83C9DA93}"
EndProject
Project("{2150E333-8FDC-42A3-9474-1A3956D46DE8}") = "Solution Items", "Solution Items", "{90151410-9629-414A-B0A5-4BE6CB956661}"
	ProjectSection(SolutionItems) = preProject
		global.json = global.json
	EndProjectSection
EndProject
Project("{8BB2217D-0F2D-49D1-97BC-3654ED321F3B}") = "NGCalculator", "src\NGCalculator\NGCalculator.xproj", "{47F464FF-DA3C-4D0A-92C7-BE51AB6247B2}"
EndProject
Global
	GlobalSection(SolutionConfigurationPlatforms) = preSolution
		Debug|Any CPU = Debug|Any CPU
		Release|Any CPU = Release|Any CPU
	EndGlobalSection
	GlobalSection(ProjectConfigurationPlatforms) = postSolution
		{47F464FF-DA3C-4D0A-92C7-BE51AB6247B2}.Debug|Any CPU.ActiveCfg = Debug|Any CPU
		{47F464FF-DA3C-4D0A-92C7-BE51AB6247B2}.Debug|Any CPU.Build.0 = Debug|Any CPU
		{47F464FF-DA3C-4D0A-92C7-BE51AB6247B2}.Release|Any CPU.ActiveCfg = Release|Any CPU
		{47F464FF-DA3C-4D0A-92C7-BE51AB6247B2}.Release|Any CPU.Build.0 = Release|Any CPU
	EndGlobalSection
	GlobalSection(SolutionProperties) = preSolution
		HideSolutionNode = FALSE
	EndGlobalSection
	GlobalSection(NestedProjects) = preSolution
		{47F464FF-DA3C-4D0A-92C7-BE51AB6247B2} = {90577290-B84B-4F91-ADB9-36FA83C9DA93}
	EndGlobalSection
EndGlobal
